
Microsoft Visual Studio Solution File, Format Version 12.00
# Visual Studio 15
VisualStudioVersion = 15.0.28307.421
MinimumVisualStudioVersion = 10.0.40219.1
Project("{FAE04EC0-301F-11D3-BF4B-00C04F79EFBC}") = "homework", "homework\homework.csproj", "{F2CE3C01-83F2-4F43-9FE1-7A0DF4DE73F1}"
EndProject
Global
	GlobalSection(SolutionConfigurationPlatforms) = preSolution
		Debug|Any CPU = Debug|Any CPU
		Release|Any CPU = Release|Any CPU
	EndGlobalSection
	GlobalSection(ProjectConfigurationPlatforms) = postSolution
		{F2CE3C01-83F2-4F43-9FE1-7A0DF4DE73F1}.Debug|Any CPU.ActiveCfg = Debug|Any CPU
		{F2CE3C01-83F2-4F43-9FE1-7A0DF4DE73F1}.Debug|Any CPU.Build.0 = Debug|Any CPU
		{F2CE3C01-83F2-4F43-9FE1-7A0DF4DE73F1}.Release|Any CPU.ActiveCfg = Release|Any CPU
		{F2CE3C01-83F2-4F43-9FE1-7A0DF4DE73F1}.Release|Any CPU.Build.0 = Release|Any CPU
	EndGlobalSection
	GlobalSection(SolutionProperties) = preSolution
		HideSolutionNode = FALSE
	EndGlobalSection
	GlobalSection(ExtensibilityGlobals) = postSolution
		SolutionGuid = {719A8842-82F3-4D80-9DE1-99AE051AD027}
	EndGlobalSection
EndGlobal
